
Microsoft Visual Studio Solution File, Format Version 12.00
# Visual Studio Version 17
VisualStudioVersion = 17.0.32126.317
MinimumVisualStudioVersion = 10.0.40219.1
Project("{FAE04EC0-301F-11D3-BF4B-00C04F79EFBC}") = "Store", "Store\Store.csproj", "{AA59A6ED-7CED-44A2-8EDA-85FD347D0681}"
EndProject
Global
	GlobalSection(SolutionConfigurationPlatforms) = preSolution
		Debug|Any CPU = Debug|Any CPU
		Release|Any CPU = Release|Any CPU
	EndGlobalSection
	GlobalSection(ProjectConfigurationPlatforms) = postSolution
		{AA59A6ED-7CED-44A2-8EDA-85FD347D0681}.Debug|Any CPU.ActiveCfg = Debug|Any CPU
		{AA59A6ED-7CED-44A2-8EDA-85FD347D0681}.Debug|Any CPU.Build.0 = Debug|Any CPU
		{AA59A6ED-7CED-44A2-8EDA-85FD347D0681}.Release|Any CPU.ActiveCfg = Release|Any CPU
		{AA59A6ED-7CED-44A2-8EDA-85FD347D0681}.Release|Any CPU.Build.0 = Release|Any CPU
	EndGlobalSection
	GlobalSection(SolutionProperties) = preSolution
		HideSolutionNode = FALSE
	EndGlobalSection
	GlobalSection(ExtensibilityGlobals) = postSolution
		SolutionGuid = {5BEA78F3-3A42-4B85-A1AC-9BAAE90411A0}
	EndGlobalSection
EndGlobal
